
Microsoft Visual Studio Solution File, Format Version 12.00
# Visual Studio Version 17
VisualStudioVersion = 17.1.32210.238
MinimumVisualStudioVersion = 10.0.40219.1
Project("{FAE04EC0-301F-11D3-BF4B-00C04F79EFBC}") = "TeachAnnouncement", "TeachAnnouncement\TeachAnnouncement.csproj", "{8387DD49-ECFC-4489-A1BA-9234835DED23}"
EndProject
Global
	GlobalSection(SolutionConfigurationPlatforms) = preSolution
		Debug|Any CPU = Debug|Any CPU
		Release|Any CPU = Release|Any CPU
	EndGlobalSection
	GlobalSection(ProjectConfigurationPlatforms) = postSolution
		{8387DD49-ECFC-4489-A1BA-9234835DED23}.Debug|Any CPU.ActiveCfg = Debug|Any CPU
		{8387DD49-ECFC-4489-A1BA-9234835DED23}.Debug|Any CPU.Build.0 = Debug|Any CPU
		{8387DD49-ECFC-4489-A1BA-9234835DED23}.Release|Any CPU.ActiveCfg = Release|Any CPU
		{8387DD49-ECFC-4489-A1BA-9234835DED23}.Release|Any CPU.Build.0 = Release|Any CPU
	EndGlobalSection
	GlobalSection(SolutionProperties) = preSolution
		HideSolutionNode = FALSE
	EndGlobalSection
	GlobalSection(ExtensibilityGlobals) = postSolution
		SolutionGuid = {50B8B86A-82B9-4361-87AB-D9263378B91A}
	EndGlobalSection
EndGlobal
